
Microsoft Visual Studio Solution File, Format Version 12.00
# Visual Studio Version 17
VisualStudioVersion = 17.8.34309.116
MinimumVisualStudioVersion = 10.0.40219.1
Project("{FAE04EC0-301F-11D3-BF4B-00C04F79EFBC}") = "CheckQRCodeGen", "CheckQRCodeGen.csproj", "{2034B550-F4CE-4496-9974-41BEFBF5CE30}"
EndProject
Global
	GlobalSection(SolutionConfigurationPlatforms) = preSolution
		Debug|Any CPU = Debug|Any CPU
		Release|Any CPU = Release|Any CPU
	EndGlobalSection
	GlobalSection(ProjectConfigurationPlatforms) = postSolution
		{2034B550-F4CE-4496-9974-41BEFBF5CE30}.Debug|Any CPU.ActiveCfg = Debug|Any CPU
		{2034B550-F4CE-4496-9974-41BEFBF5CE30}.Debug|Any CPU.Build.0 = Debug|Any CPU
		{2034B550-F4CE-4496-9974-41BEFBF5CE30}.Release|Any CPU.ActiveCfg = Release|Any CPU
		{2034B550-F4CE-4496-9974-41BEFBF5CE30}.Release|Any CPU.Build.0 = Release|Any CPU
	EndGlobalSection
	GlobalSection(SolutionProperties) = preSolution
		HideSolutionNode = FALSE
	EndGlobalSection
	GlobalSection(ExtensibilityGlobals) = postSolution
		SolutionGuid = {22E9AE3C-186C-49C1-AB90-6311CF52096E}
	EndGlobalSection
EndGlobal
